
Microsoft Visual Studio Solution File, Format Version 12.00
# Visual Studio Version 17
VisualStudioVersion = 17.14.36202.13 d17.14
MinimumVisualStudioVersion = 10.0.40219.1
Project("{FAE04EC0-301F-11D3-BF4B-00C04F79EFBC}") = "People", "People\People.csproj", "{8E3CDC41-1B3F-41BB-934D-E0EA9CBBC7A7}"
EndProject
Global
	GlobalSection(SolutionConfigurationPlatforms) = preSolution
		Debug|Any CPU = Debug|Any CPU
		Release|Any CPU = Release|Any CPU
	EndGlobalSection
	GlobalSection(ProjectConfigurationPlatforms) = postSolution
		{8E3CDC41-1B3F-41BB-934D-E0EA9CBBC7A7}.Debug|Any CPU.ActiveCfg = Debug|Any CPU
		{8E3CDC41-1B3F-41BB-934D-E0EA9CBBC7A7}.Debug|Any CPU.Build.0 = Debug|Any CPU
		{8E3CDC41-1B3F-41BB-934D-E0EA9CBBC7A7}.Release|Any CPU.ActiveCfg = Release|Any CPU
		{8E3CDC41-1B3F-41BB-934D-E0EA9CBBC7A7}.Release|Any CPU.Build.0 = Release|Any CPU
	EndGlobalSection
	GlobalSection(SolutionProperties) = preSolution
		HideSolutionNode = FALSE
	EndGlobalSection
	GlobalSection(ExtensibilityGlobals) = postSolution
		SolutionGuid = {F710FF6B-A429-4D2D-A0E0-C7AEC64191C4}
	EndGlobalSection
EndGlobal
